Microsoft Visual Studio Solution File, Format Version 12.00
# Visual Studio Version 16
VisualStudioVersion = 16.0.0.0
MinimumVisualStudioVersion = 16.0.0.0
Project("{9A19103F-16F7-4668-BE54-9A1E7A4F7556}") = "SimpleJwtWeb", "SimpleJwtWeb\SimpleJwtWeb.csproj", "{7C5A5CFE-DC1F-40CA-9BE5-D06BF5AA10B4}"
EndProject
Project("{9A19103F-16F7-4668-BE54-9A1E7A4F7556}") = "SimpleJwtWeb.Client", "SimpleJwtWeb.Client\SimpleJwtWeb.Client.csproj", "{E7C62C2F-98D0-4309-9BDA-055E794C10B9}"
EndProject
Global
	GlobalSection(SolutionConfigurationPlatforms) = preSolution
		Debug|Any CPU = Debug|Any CPU
		Debug|x64 = Debug|x64
		Debug|x86 = Debug|x86
		Release|Any CPU = Release|Any CPU
		Release|x64 = Release|x64
		Release|x86 = Release|x86
	EndGlobalSection
	GlobalSection(ProjectConfigurationPlatforms) = postSolution
		{E7C62C2F-98D0-4309-9BDA-055E794C10B9}.Debug|Any CPU.ActiveCfg = Debug|Any CPU
		{E7C62C2F-98D0-4309-9BDA-055E794C10B9}.Debug|Any CPU.Build.0 = Debug|Any CPU
		{E7C62C2F-98D0-4309-9BDA-055E794C10B9}.Debug|x64.ActiveCfg = Debug|Any CPU
		{E7C62C2F-98D0-4309-9BDA-055E794C10B9}.Debug|x64.Build.0 = Debug|Any CPU
		{E7C62C2F-98D0-4309-9BDA-055E794C10B9}.Debug|x86.ActiveCfg = Debug|Any CPU
		{E7C62C2F-98D0-4309-9BDA-055E794C10B9}.Debug|x86.Build.0 = Debug|Any CPU
		{E7C62C2F-98D0-4309-9BDA-055E794C10B9}.Release|Any CPU.ActiveCfg = Release|Any CPU
		{E7C62C2F-98D0-4309-9BDA-055E794C10B9}.Release|Any CPU.Build.0 = Release|Any CPU
		{E7C62C2F-98D0-4309-9BDA-055E794C10B9}.Release|x64.ActiveCfg = Release|Any CPU
		{E7C62C2F-98D0-4309-9BDA-055E794C10B9}.Release|x64.Build.0 = Release|Any CPU
		{E7C62C2F-98D0-4309-9BDA-055E794C10B9}.Release|x86.ActiveCfg = Release|Any CPU
		{E7C62C2F-98D0-4309-9BDA-055E794C10B9}.Release|x86.Build.0 = Release|Any CPU
		{7C5A5CFE-DC1F-40CA-9BE5-D06BF5AA10B4}.Debug|Any CPU.ActiveCfg = Debug|Any CPU
		{7C5A5CFE-DC1F-40CA-9BE5-D06BF5AA10B4}.Debug|Any CPU.Build.0 = Debug|Any CPU
		{7C5A5CFE-DC1F-40CA-9BE5-D06BF5AA10B4}.Debug|x64.ActiveCfg = Debug|Any CPU
		{7C5A5CFE-DC1F-40CA-9BE5-D06BF5AA10B4}.Debug|x64.Build.0 = Debug|Any CPU
		{7C5A5CFE-DC1F-40CA-9BE5-D06BF5AA10B4}.Debug|x86.ActiveCfg = Debug|Any CPU
		{7C5A5CFE-DC1F-40CA-9BE5-D06BF5AA10B4}.Debug|x86.Build.0 = Debug|Any CPU
		{7C5A5CFE-DC1F-40CA-9BE5-D06BF5AA10B4}.Release|Any CPU.ActiveCfg = Release|Any CPU
		{7C5A5CFE-DC1F-40CA-9BE5-D06BF5AA10B4}.Release|Any CPU.Build.0 = Release|Any CPU
		{7C5A5CFE-DC1F-40CA-9BE5-D06BF5AA10B4}.Release|x64.ActiveCfg = Release|Any CPU
		{7C5A5CFE-DC1F-40CA-9BE5-D06BF5AA10B4}.Release|x64.Build.0 = Release|Any CPU
		{7C5A5CFE-DC1F-40CA-9BE5-D06BF5AA10B4}.Release|x86.ActiveCfg = Release|Any CPU
		{7C5A5CFE-DC1F-40CA-9BE5-D06BF5AA10B4}.Release|x86.Build.0 = Release|Any CPU
	EndGlobalSection
	GlobalSection(SolutionProperties) = preSolution
		HideSolutionNode = FALSE
	EndGlobalSection
	GlobalSection(ExtensibilityGlobals) = postSolution
		SolutionGuid = {DE6C9301-BDF3-484D-8BA9-EF22CAE2AFDA}
	EndGlobalSection
EndGlobal
